
Microsoft Visual Studio Solution File, Format Version 12.00
# Visual Studio Version 16
VisualStudioVersion = 16.0.31019.35
MinimumVisualStudioVersion = 10.0.40219.1
Project("{FAE04EC0-301F-11D3-BF4B-00C04F79EFBC}") = "usoCorrectoDePropiedades", "usoCorrectoDePropiedades\usoCorrectoDePropiedades.csproj", "{562E01FA-B618-4DF2-B3E4-FD09CB3BC2F9}"
EndProject
Global
	GlobalSection(SolutionConfigurationPlatforms) = preSolution
		Debug|Any CPU = Debug|Any CPU
		Release|Any CPU = Release|Any CPU
	EndGlobalSection
	GlobalSection(ProjectConfigurationPlatforms) = postSolution
		{562E01FA-B618-4DF2-B3E4-FD09CB3BC2F9}.Debug|Any CPU.ActiveCfg = Debug|Any CPU
		{562E01FA-B618-4DF2-B3E4-FD09CB3BC2F9}.Debug|Any CPU.Build.0 = Debug|Any CPU
		{562E01FA-B618-4DF2-B3E4-FD09CB3BC2F9}.Release|Any CPU.ActiveCfg = Release|Any CPU
		{562E01FA-B618-4DF2-B3E4-FD09CB3BC2F9}.Release|Any CPU.Build.0 = Release|Any CPU
	EndGlobalSection
	GlobalSection(SolutionProperties) = preSolution
		HideSolutionNode = FALSE
	EndGlobalSection
	GlobalSection(ExtensibilityGlobals) = postSolution
		SolutionGuid = {7FB89170-ADE2-4BB8-AF31-6917EC1AA5F2}
	EndGlobalSection
EndGlobal
