
Microsoft Visual Studio Solution File, Format Version 12.00
# Visual Studio Version 16
VisualStudioVersion = 16.0.31019.35
MinimumVisualStudioVersion = 10.0.40219.1
Project("{FAE04EC0-301F-11D3-BF4B-00C04F79EFBC}") = "CheckBox3", "CheckBox3\CheckBox3.csproj", "{1F68F822-EEC7-4795-88AE-912B86313FCF}"
EndProject
Global
	GlobalSection(SolutionConfigurationPlatforms) = preSolution
		Debug|Any CPU = Debug|Any CPU
		Release|Any CPU = Release|Any CPU
	EndGlobalSection
	GlobalSection(ProjectConfigurationPlatforms) = postSolution
		{1F68F822-EEC7-4795-88AE-912B86313FCF}.Debug|Any CPU.ActiveCfg = Debug|Any CPU
		{1F68F822-EEC7-4795-88AE-912B86313FCF}.Debug|Any CPU.Build.0 = Debug|Any CPU
		{1F68F822-EEC7-4795-88AE-912B86313FCF}.Release|Any CPU.ActiveCfg = Release|Any CPU
		{1F68F822-EEC7-4795-88AE-912B86313FCF}.Release|Any CPU.Build.0 = Release|Any CPU
	EndGlobalSection
	GlobalSection(SolutionProperties) = preSolution
		HideSolutionNode = FALSE
	EndGlobalSection
	GlobalSection(ExtensibilityGlobals) = postSolution
		SolutionGuid = {9F77C623-543E-4D2B-8881-718F1F1D8D74}
	EndGlobalSection
EndGlobal
