
Microsoft Visual Studio Solution File, Format Version 12.00
# Visual Studio Version 16
VisualStudioVersion = 16.0.31019.35
MinimumVisualStudioVersion = 10.0.40219.1
Project("{FAE04EC0-301F-11D3-BF4B-00C04F79EFBC}") = "Delegados1", "Delegados1\Delegados1.csproj", "{CF642D04-5B9B-4642-8C1F-3C5BA8266D38}"
EndProject
Global
	GlobalSection(SolutionConfigurationPlatforms) = preSolution
		Debug|Any CPU = Debug|Any CPU
		Release|Any CPU = Release|Any CPU
	EndGlobalSection
	GlobalSection(ProjectConfigurationPlatforms) = postSolution
		{CF642D04-5B9B-4642-8C1F-3C5BA8266D38}.Debug|Any CPU.ActiveCfg = Debug|Any CPU
		{CF642D04-5B9B-4642-8C1F-3C5BA8266D38}.Debug|Any CPU.Build.0 = Debug|Any CPU
		{CF642D04-5B9B-4642-8C1F-3C5BA8266D38}.Release|Any CPU.ActiveCfg = Release|Any CPU
		{CF642D04-5B9B-4642-8C1F-3C5BA8266D38}.Release|Any CPU.Build.0 = Release|Any CPU
	EndGlobalSection
	GlobalSection(SolutionProperties) = preSolution
		HideSolutionNode = FALSE
	EndGlobalSection
	GlobalSection(ExtensibilityGlobals) = postSolution
		SolutionGuid = {D935C902-7F99-4A6F-8D56-ABA367437433}
	EndGlobalSection
EndGlobal
