
Microsoft Visual Studio Solution File, Format Version 12.00
# Visual Studio Version 16
VisualStudioVersion = 16.0.31019.35
MinimumVisualStudioVersion = 10.0.40219.1
Project("{FAE04EC0-301F-11D3-BF4B-00C04F79EFBC}") = "Button", "Button\Button.csproj", "{7C37C5F1-785A-41CB-905E-37883449E4DF}"
EndProject
Global
	GlobalSection(SolutionConfigurationPlatforms) = preSolution
		Debug|Any CPU = Debug|Any CPU
		Release|Any CPU = Release|Any CPU
	EndGlobalSection
	GlobalSection(ProjectConfigurationPlatforms) = postSolution
		{7C37C5F1-785A-41CB-905E-37883449E4DF}.Debug|Any CPU.ActiveCfg = Debug|Any CPU
		{7C37C5F1-785A-41CB-905E-37883449E4DF}.Debug|Any CPU.Build.0 = Debug|Any CPU
		{7C37C5F1-785A-41CB-905E-37883449E4DF}.Release|Any CPU.ActiveCfg = Release|Any CPU
		{7C37C5F1-785A-41CB-905E-37883449E4DF}.Release|Any CPU.Build.0 = Release|Any CPU
	EndGlobalSection
	GlobalSection(SolutionProperties) = preSolution
		HideSolutionNode = FALSE
	EndGlobalSection
	GlobalSection(ExtensibilityGlobals) = postSolution
		SolutionGuid = {4CA2AB87-681D-44A6-B1F8-5CFABBDB75D5}
	EndGlobalSection
EndGlobal
