
Microsoft Visual Studio Solution File, Format Version 12.00
# Visual Studio Version 16
VisualStudioVersion = 16.0.31019.35
MinimumVisualStudioVersion = 10.0.40219.1
Project("{FAE04EC0-301F-11D3-BF4B-00C04F79EFBC}") = "PilaCola1", "PilaCola1\PilaCola1.csproj", "{405CC51E-AB55-4E81-9127-907432257344}"
EndProject
Global
	GlobalSection(SolutionConfigurationPlatforms) = preSolution
		Debug|Any CPU = Debug|Any CPU
		Release|Any CPU = Release|Any CPU
	EndGlobalSection
	GlobalSection(ProjectConfigurationPlatforms) = postSolution
		{405CC51E-AB55-4E81-9127-907432257344}.Debug|Any CPU.ActiveCfg = Debug|Any CPU
		{405CC51E-AB55-4E81-9127-907432257344}.Debug|Any CPU.Build.0 = Debug|Any CPU
		{405CC51E-AB55-4E81-9127-907432257344}.Release|Any CPU.ActiveCfg = Release|Any CPU
		{405CC51E-AB55-4E81-9127-907432257344}.Release|Any CPU.Build.0 = Release|Any CPU
	EndGlobalSection
	GlobalSection(SolutionProperties) = preSolution
		HideSolutionNode = FALSE
	EndGlobalSection
	GlobalSection(ExtensibilityGlobals) = postSolution
		SolutionGuid = {315F174D-34C9-415D-8D74-FE144E071749}
	EndGlobalSection
EndGlobal
