
Microsoft Visual Studio Solution File, Format Version 12.00
# Visual Studio Version 16
VisualStudioVersion = 16.0.31019.35
MinimumVisualStudioVersion = 10.0.40219.1
Project("{FAE04EC0-301F-11D3-BF4B-00C04F79EFBC}") = "ElMayorDe3Numeros", "ElMayorDe3Numeros\ElMayorDe3Numeros.csproj", "{A2572111-8333-4C2F-8129-37E178101469}"
EndProject
Global
	GlobalSection(SolutionConfigurationPlatforms) = preSolution
		Debug|Any CPU = Debug|Any CPU
		Release|Any CPU = Release|Any CPU
	EndGlobalSection
	GlobalSection(ProjectConfigurationPlatforms) = postSolution
		{A2572111-8333-4C2F-8129-37E178101469}.Debug|Any CPU.ActiveCfg = Debug|Any CPU
		{A2572111-8333-4C2F-8129-37E178101469}.Debug|Any CPU.Build.0 = Debug|Any CPU
		{A2572111-8333-4C2F-8129-37E178101469}.Release|Any CPU.ActiveCfg = Release|Any CPU
		{A2572111-8333-4C2F-8129-37E178101469}.Release|Any CPU.Build.0 = Release|Any CPU
	EndGlobalSection
	GlobalSection(SolutionProperties) = preSolution
		HideSolutionNode = FALSE
	EndGlobalSection
	GlobalSection(ExtensibilityGlobals) = postSolution
		SolutionGuid = {B6801392-48C9-46B3-8E0F-AFE72006AD88}
	EndGlobalSection
EndGlobal
