
Microsoft Visual Studio Solution File, Format Version 12.00
# Visual Studio Version 16
VisualStudioVersion = 16.0.31019.35
MinimumVisualStudioVersion = 10.0.40219.1
Project("{FAE04EC0-301F-11D3-BF4B-00C04F79EFBC}") = "Recursividad3", "Recursividad3\Recursividad3.csproj", "{B40E1138-EF18-49EB-8D99-EBBB9698DD82}"
EndProject
Global
	GlobalSection(SolutionConfigurationPlatforms) = preSolution
		Debug|Any CPU = Debug|Any CPU
		Release|Any CPU = Release|Any CPU
	EndGlobalSection
	GlobalSection(ProjectConfigurationPlatforms) = postSolution
		{B40E1138-EF18-49EB-8D99-EBBB9698DD82}.Debug|Any CPU.ActiveCfg = Debug|Any CPU
		{B40E1138-EF18-49EB-8D99-EBBB9698DD82}.Debug|Any CPU.Build.0 = Debug|Any CPU
		{B40E1138-EF18-49EB-8D99-EBBB9698DD82}.Release|Any CPU.ActiveCfg = Release|Any CPU
		{B40E1138-EF18-49EB-8D99-EBBB9698DD82}.Release|Any CPU.Build.0 = Release|Any CPU
	EndGlobalSection
	GlobalSection(SolutionProperties) = preSolution
		HideSolutionNode = FALSE
	EndGlobalSection
	GlobalSection(ExtensibilityGlobals) = postSolution
		SolutionGuid = {D501D5C8-5966-49E5-B700-F869D557CB54}
	EndGlobalSection
EndGlobal
