
Microsoft Visual Studio Solution File, Format Version 12.00
# Visual Studio Version 16
VisualStudioVersion = 16.0.31019.35
MinimumVisualStudioVersion = 10.0.40219.1
Project("{FAE04EC0-301F-11D3-BF4B-00C04F79EFBC}") = "PruebaExcepcion5", "PruebaExcepcion5\PruebaExcepcion5.csproj", "{F5F439E4-A7DA-46A2-A05C-FF64E3B5B9C7}"
EndProject
Global
	GlobalSection(SolutionConfigurationPlatforms) = preSolution
		Debug|Any CPU = Debug|Any CPU
		Release|Any CPU = Release|Any CPU
	EndGlobalSection
	GlobalSection(ProjectConfigurationPlatforms) = postSolution
		{F5F439E4-A7DA-46A2-A05C-FF64E3B5B9C7}.Debug|Any CPU.ActiveCfg = Debug|Any CPU
		{F5F439E4-A7DA-46A2-A05C-FF64E3B5B9C7}.Debug|Any CPU.Build.0 = Debug|Any CPU
		{F5F439E4-A7DA-46A2-A05C-FF64E3B5B9C7}.Release|Any CPU.ActiveCfg = Release|Any CPU
		{F5F439E4-A7DA-46A2-A05C-FF64E3B5B9C7}.Release|Any CPU.Build.0 = Release|Any CPU
	EndGlobalSection
	GlobalSection(SolutionProperties) = preSolution
		HideSolutionNode = FALSE
	EndGlobalSection
	GlobalSection(ExtensibilityGlobals) = postSolution
		SolutionGuid = {8BAB5586-AE62-4895-A90D-06C139240844}
	EndGlobalSection
EndGlobal
