
Microsoft Visual Studio Solution File, Format Version 12.00
# Visual Studio Version 16
VisualStudioVersion = 16.0.31019.35
MinimumVisualStudioVersion = 10.0.40219.1
Project("{FAE04EC0-301F-11D3-BF4B-00C04F79EFBC}") = "Herencia4", "Herencia4\Herencia4.csproj", "{F214F7CB-4FD8-4097-852C-E53D1B164A9A}"
EndProject
Global
	GlobalSection(SolutionConfigurationPlatforms) = preSolution
		Debug|Any CPU = Debug|Any CPU
		Release|Any CPU = Release|Any CPU
	EndGlobalSection
	GlobalSection(ProjectConfigurationPlatforms) = postSolution
		{F214F7CB-4FD8-4097-852C-E53D1B164A9A}.Debug|Any CPU.ActiveCfg = Debug|Any CPU
		{F214F7CB-4FD8-4097-852C-E53D1B164A9A}.Debug|Any CPU.Build.0 = Debug|Any CPU
		{F214F7CB-4FD8-4097-852C-E53D1B164A9A}.Release|Any CPU.ActiveCfg = Release|Any CPU
		{F214F7CB-4FD8-4097-852C-E53D1B164A9A}.Release|Any CPU.Build.0 = Release|Any CPU
	EndGlobalSection
	GlobalSection(SolutionProperties) = preSolution
		HideSolutionNode = FALSE
	EndGlobalSection
	GlobalSection(ExtensibilityGlobals) = postSolution
		SolutionGuid = {F4C3FE64-C206-4E96-838D-1517D1CB3636}
	EndGlobalSection
EndGlobal
