
Microsoft Visual Studio Solution File, Format Version 12.00
# Visual Studio Version 16
VisualStudioVersion = 16.0.31019.35
MinimumVisualStudioVersion = 10.0.40219.1
Project("{FAE04EC0-301F-11D3-BF4B-00C04F79EFBC}") = "SumaYProducto", "SumaYProducto\SumaYProducto.csproj", "{3474E59B-E69A-4749-BBA5-82776293A99B}"
EndProject
Global
	GlobalSection(SolutionConfigurationPlatforms) = preSolution
		Debug|Any CPU = Debug|Any CPU
		Release|Any CPU = Release|Any CPU
	EndGlobalSection
	GlobalSection(ProjectConfigurationPlatforms) = postSolution
		{3474E59B-E69A-4749-BBA5-82776293A99B}.Debug|Any CPU.ActiveCfg = Debug|Any CPU
		{3474E59B-E69A-4749-BBA5-82776293A99B}.Debug|Any CPU.Build.0 = Debug|Any CPU
		{3474E59B-E69A-4749-BBA5-82776293A99B}.Release|Any CPU.ActiveCfg = Release|Any CPU
		{3474E59B-E69A-4749-BBA5-82776293A99B}.Release|Any CPU.Build.0 = Release|Any CPU
	EndGlobalSection
	GlobalSection(SolutionProperties) = preSolution
		HideSolutionNode = FALSE
	EndGlobalSection
	GlobalSection(ExtensibilityGlobals) = postSolution
		SolutionGuid = {700C11F7-7979-4E81-905E-7DA39BBFE89A}
	EndGlobalSection
EndGlobal
