
Microsoft Visual Studio Solution File, Format Version 12.00
# Visual Studio Version 16
VisualStudioVersion = 16.0.31019.35
MinimumVisualStudioVersion = 10.0.40219.1
Project("{FAE04EC0-301F-11D3-BF4B-00C04F79EFBC}") = "ParametrosValor1", "ParametrosValor1\ParametrosValor1.csproj", "{469AA8A3-9D3A-4713-BA69-6DF1CDF02DFB}"
EndProject
Global
	GlobalSection(SolutionConfigurationPlatforms) = preSolution
		Debug|Any CPU = Debug|Any CPU
		Release|Any CPU = Release|Any CPU
	EndGlobalSection
	GlobalSection(ProjectConfigurationPlatforms) = postSolution
		{469AA8A3-9D3A-4713-BA69-6DF1CDF02DFB}.Debug|Any CPU.ActiveCfg = Debug|Any CPU
		{469AA8A3-9D3A-4713-BA69-6DF1CDF02DFB}.Debug|Any CPU.Build.0 = Debug|Any CPU
		{469AA8A3-9D3A-4713-BA69-6DF1CDF02DFB}.Release|Any CPU.ActiveCfg = Release|Any CPU
		{469AA8A3-9D3A-4713-BA69-6DF1CDF02DFB}.Release|Any CPU.Build.0 = Release|Any CPU
	EndGlobalSection
	GlobalSection(SolutionProperties) = preSolution
		HideSolutionNode = FALSE
	EndGlobalSection
	GlobalSection(ExtensibilityGlobals) = postSolution
		SolutionGuid = {7F740BB0-6EF6-4498-A02A-7556E67A165C}
	EndGlobalSection
EndGlobal
