
Microsoft Visual Studio Solution File, Format Version 12.00
# Visual Studio Version 16
VisualStudioVersion = 16.0.31019.35
MinimumVisualStudioVersion = 10.0.40219.1
Project("{FAE04EC0-301F-11D3-BF4B-00C04F79EFBC}") = "PruebaExcepcion9", "PruebaExcepcion9\PruebaExcepcion9.csproj", "{B57D9451-731E-4535-85E2-C60A83DCFC8C}"
EndProject
Global
	GlobalSection(SolutionConfigurationPlatforms) = preSolution
		Debug|Any CPU = Debug|Any CPU
		Release|Any CPU = Release|Any CPU
	EndGlobalSection
	GlobalSection(ProjectConfigurationPlatforms) = postSolution
		{B57D9451-731E-4535-85E2-C60A83DCFC8C}.Debug|Any CPU.ActiveCfg = Debug|Any CPU
		{B57D9451-731E-4535-85E2-C60A83DCFC8C}.Debug|Any CPU.Build.0 = Debug|Any CPU
		{B57D9451-731E-4535-85E2-C60A83DCFC8C}.Release|Any CPU.ActiveCfg = Release|Any CPU
		{B57D9451-731E-4535-85E2-C60A83DCFC8C}.Release|Any CPU.Build.0 = Release|Any CPU
	EndGlobalSection
	GlobalSection(SolutionProperties) = preSolution
		HideSolutionNode = FALSE
	EndGlobalSection
	GlobalSection(ExtensibilityGlobals) = postSolution
		SolutionGuid = {C2DA7720-B804-48FC-B17C-CF9F682F8FA5}
	EndGlobalSection
EndGlobal
