
Microsoft Visual Studio Solution File, Format Version 12.00
# Visual Studio Version 16
VisualStudioVersion = 16.0.31019.35
MinimumVisualStudioVersion = 10.0.40219.1
Project("{FAE04EC0-301F-11D3-BF4B-00C04F79EFBC}") = "ParametrosVariables2", "ParametrosVariables2\ParametrosVariables2.csproj", "{2941F188-25C8-409A-9709-EEC41620C86B}"
EndProject
Global
	GlobalSection(SolutionConfigurationPlatforms) = preSolution
		Debug|Any CPU = Debug|Any CPU
		Release|Any CPU = Release|Any CPU
	EndGlobalSection
	GlobalSection(ProjectConfigurationPlatforms) = postSolution
		{2941F188-25C8-409A-9709-EEC41620C86B}.Debug|Any CPU.ActiveCfg = Debug|Any CPU
		{2941F188-25C8-409A-9709-EEC41620C86B}.Debug|Any CPU.Build.0 = Debug|Any CPU
		{2941F188-25C8-409A-9709-EEC41620C86B}.Release|Any CPU.ActiveCfg = Release|Any CPU
		{2941F188-25C8-409A-9709-EEC41620C86B}.Release|Any CPU.Build.0 = Release|Any CPU
	EndGlobalSection
	GlobalSection(SolutionProperties) = preSolution
		HideSolutionNode = FALSE
	EndGlobalSection
	GlobalSection(ExtensibilityGlobals) = postSolution
		SolutionGuid = {E771DE06-FDF9-44A7-9B3A-9E13B337841A}
	EndGlobalSection
EndGlobal
