
Microsoft Visual Studio Solution File, Format Version 12.00
# Visual Studio Version 16
VisualStudioVersion = 16.0.31019.35
MinimumVisualStudioVersion = 10.0.40219.1
Project("{FAE04EC0-301F-11D3-BF4B-00C04F79EFBC}") = "MetodosExtension3", "MetodosExtension3\MetodosExtension3.csproj", "{92B9470D-D390-48BF-9B23-B86EF72BE0A6}"
EndProject
Global
	GlobalSection(SolutionConfigurationPlatforms) = preSolution
		Debug|Any CPU = Debug|Any CPU
		Release|Any CPU = Release|Any CPU
	EndGlobalSection
	GlobalSection(ProjectConfigurationPlatforms) = postSolution
		{92B9470D-D390-48BF-9B23-B86EF72BE0A6}.Debug|Any CPU.ActiveCfg = Debug|Any CPU
		{92B9470D-D390-48BF-9B23-B86EF72BE0A6}.Debug|Any CPU.Build.0 = Debug|Any CPU
		{92B9470D-D390-48BF-9B23-B86EF72BE0A6}.Release|Any CPU.ActiveCfg = Release|Any CPU
		{92B9470D-D390-48BF-9B23-B86EF72BE0A6}.Release|Any CPU.Build.0 = Release|Any CPU
	EndGlobalSection
	GlobalSection(SolutionProperties) = preSolution
		HideSolutionNode = FALSE
	EndGlobalSection
	GlobalSection(ExtensibilityGlobals) = postSolution
		SolutionGuid = {B94F708C-C3CF-477A-9FE1-1E51DEDC06B0}
	EndGlobalSection
EndGlobal
