
Microsoft Visual Studio Solution File, Format Version 12.00
# Visual Studio Version 16
VisualStudioVersion = 16.0.31019.35
MinimumVisualStudioVersion = 10.0.40219.1
Project("{FAE04EC0-301F-11D3-BF4B-00C04F79EFBC}") = "NumeroHasta3Cifras", "NumeroHasta3Cifras\NumeroHasta3Cifras.csproj", "{90938718-2E0C-4DF8-ADCA-353DF4817A25}"
EndProject
Global
	GlobalSection(SolutionConfigurationPlatforms) = preSolution
		Debug|Any CPU = Debug|Any CPU
		Release|Any CPU = Release|Any CPU
	EndGlobalSection
	GlobalSection(ProjectConfigurationPlatforms) = postSolution
		{90938718-2E0C-4DF8-ADCA-353DF4817A25}.Debug|Any CPU.ActiveCfg = Debug|Any CPU
		{90938718-2E0C-4DF8-ADCA-353DF4817A25}.Debug|Any CPU.Build.0 = Debug|Any CPU
		{90938718-2E0C-4DF8-ADCA-353DF4817A25}.Release|Any CPU.ActiveCfg = Release|Any CPU
		{90938718-2E0C-4DF8-ADCA-353DF4817A25}.Release|Any CPU.Build.0 = Release|Any CPU
	EndGlobalSection
	GlobalSection(SolutionProperties) = preSolution
		HideSolutionNode = FALSE
	EndGlobalSection
	GlobalSection(ExtensibilityGlobals) = postSolution
		SolutionGuid = {A74B269A-F5B5-478B-A984-3B5E44DB2549}
	EndGlobalSection
EndGlobal
