
Microsoft Visual Studio Solution File, Format Version 12.00
# Visual Studio Version 16
VisualStudioVersion = 16.0.31019.35
MinimumVisualStudioVersion = 10.0.40219.1
Project("{FAE04EC0-301F-11D3-BF4B-00C04F79EFBC}") = "ProblemaList1", "ProblemaList1\ProblemaList1.csproj", "{995AE587-8641-48D1-92AC-01FAE4D2E1B9}"
EndProject
Global
	GlobalSection(SolutionConfigurationPlatforms) = preSolution
		Debug|Any CPU = Debug|Any CPU
		Release|Any CPU = Release|Any CPU
	EndGlobalSection
	GlobalSection(ProjectConfigurationPlatforms) = postSolution
		{995AE587-8641-48D1-92AC-01FAE4D2E1B9}.Debug|Any CPU.ActiveCfg = Debug|Any CPU
		{995AE587-8641-48D1-92AC-01FAE4D2E1B9}.Debug|Any CPU.Build.0 = Debug|Any CPU
		{995AE587-8641-48D1-92AC-01FAE4D2E1B9}.Release|Any CPU.ActiveCfg = Release|Any CPU
		{995AE587-8641-48D1-92AC-01FAE4D2E1B9}.Release|Any CPU.Build.0 = Release|Any CPU
	EndGlobalSection
	GlobalSection(SolutionProperties) = preSolution
		HideSolutionNode = FALSE
	EndGlobalSection
	GlobalSection(ExtensibilityGlobals) = postSolution
		SolutionGuid = {ED21A001-98AC-4AC1-B739-1556073A00D1}
	EndGlobalSection
EndGlobal
