
Microsoft Visual Studio Solution File, Format Version 12.00
# Visual Studio Version 16
VisualStudioVersion = 16.0.31019.35
MinimumVisualStudioVersion = 10.0.40219.1
Project("{FAE04EC0-301F-11D3-BF4B-00C04F79EFBC}") = "Lambda3", "Lambda3\Lambda3.csproj", "{39125ED8-5A2B-4EE8-A4C2-BAD515B2B41D}"
EndProject
Global
	GlobalSection(SolutionConfigurationPlatforms) = preSolution
		Debug|Any CPU = Debug|Any CPU
		Release|Any CPU = Release|Any CPU
	EndGlobalSection
	GlobalSection(ProjectConfigurationPlatforms) = postSolution
		{39125ED8-5A2B-4EE8-A4C2-BAD515B2B41D}.Debug|Any CPU.ActiveCfg = Debug|Any CPU
		{39125ED8-5A2B-4EE8-A4C2-BAD515B2B41D}.Debug|Any CPU.Build.0 = Debug|Any CPU
		{39125ED8-5A2B-4EE8-A4C2-BAD515B2B41D}.Release|Any CPU.ActiveCfg = Release|Any CPU
		{39125ED8-5A2B-4EE8-A4C2-BAD515B2B41D}.Release|Any CPU.Build.0 = Release|Any CPU
	EndGlobalSection
	GlobalSection(SolutionProperties) = preSolution
		HideSolutionNode = FALSE
	EndGlobalSection
	GlobalSection(ExtensibilityGlobals) = postSolution
		SolutionGuid = {EAB5C005-FC6E-43F6-9CED-7517D59E3543}
	EndGlobalSection
EndGlobal
