
Microsoft Visual Studio Solution File, Format Version 12.00
# Visual Studio Version 16
VisualStudioVersion = 16.0.31019.35
MinimumVisualStudioVersion = 10.0.40219.1
Project("{FAE04EC0-301F-11D3-BF4B-00C04F79EFBC}") = "Diccionario1", "Diccionario1\Diccionario1.csproj", "{62FC71DD-4656-4BF1-A26C-21B995FBC0A1}"
EndProject
Global
	GlobalSection(SolutionConfigurationPlatforms) = preSolution
		Debug|Any CPU = Debug|Any CPU
		Release|Any CPU = Release|Any CPU
	EndGlobalSection
	GlobalSection(ProjectConfigurationPlatforms) = postSolution
		{62FC71DD-4656-4BF1-A26C-21B995FBC0A1}.Debug|Any CPU.ActiveCfg = Debug|Any CPU
		{62FC71DD-4656-4BF1-A26C-21B995FBC0A1}.Debug|Any CPU.Build.0 = Debug|Any CPU
		{62FC71DD-4656-4BF1-A26C-21B995FBC0A1}.Release|Any CPU.ActiveCfg = Release|Any CPU
		{62FC71DD-4656-4BF1-A26C-21B995FBC0A1}.Release|Any CPU.Build.0 = Release|Any CPU
	EndGlobalSection
	GlobalSection(SolutionProperties) = preSolution
		HideSolutionNode = FALSE
	EndGlobalSection
	GlobalSection(ExtensibilityGlobals) = postSolution
		SolutionGuid = {0BC2F753-50F5-4C70-A5BC-E9BA884C3086}
	EndGlobalSection
EndGlobal
